<?xml version="1.0" encoding="utf-8"?>
<Project ToolsVersion="4.0" xmlns="http://schemas.microsoft.com/developer/msbuild/2003">
  <ItemGroup>
    <Filter Include="Source Files">
      <UniqueIdentifier>{4FC737F1-C7A5-4376-A066-2A32D752A2FF}</UniqueIdentifier>
      <Extensions>cpp;c;cc;cxx;def;odl;idl;hpj;bat;asm;asmx</Extensions>
    </Filter>
    <Filter Include="Header Files">
      <UniqueIdentifier>{93995380-89BD-4b04-88EB-625FBE52EBFB}</UniqueIdentifier>
      <Extensions>h;hh;hpp;hxx;hm;inl;inc;xsd</Extensions>
    </Filter>
    <Filter Include="Resource Files">
      <UniqueIdentifier>{67DA6AB6-F800-4c08-8B7A-83BB121AAD01}</UniqueIdentifier>
      <Extensions>rc;ico;cur;bmp;dlg;rc2;rct;bin;rgs;gif;jpg;jpeg;jpe;resx;tiff;tif;png;wav;mfcribbon-ms</Extensions>
    </Filter>
  </ItemGroup>
  <ItemGroup>
    <ClInclude Include="h\Element.h">
      <Filter>Header Files</Filter>
    </ClInclude>
    <ClInclude Include="h\FirstLevelEntry.h">
      <Filter>Header Files</Filter>
    </ClInclude>
    <ClInclude Include="h\FirstLevelTable.h">
      <Filter>Header Files</Filter>
    </ClInclude>
    <ClInclude Include="h\FreeList.h">
      <Filter>Header Files</Filter>
    </ClInclude>
    <ClInclude Include="h\FreeListIterator.h">
      <Filter>Header Files</Filter>
    </ClInclude>
    <ClInclude Include="h\KernelProcess.h">
      <Filter>Header Files</Filter>
    </ClInclude>
    <ClInclude Include="h\KernelSystem.h">
      <Filter>Header Files</Filter>
    </ClInclude>
    <ClInclude Include="h\PmtEntry.h">
      <Filter>Header Files</Filter>
    </ClInclude>
    <ClInclude Include="h\Process.h">
      <Filter>Header Files</Filter>
    </ClInclude>
    <ClInclude Include="h\SecondChance.h">
      <Filter>Header Files</Filter>
    </ClInclude>
    <ClInclude Include="h\SecondLevelTable.h">
      <Filter>Header Files</Filter>
    </ClInclude>
    <ClInclude Include="h\System.h">
      <Filter>Header Files</Filter>
    </ClInclude>
    <ClInclude Include="h\vm_declarations.h">
      <Filter>Header Files</Filter>
    </ClInclude>
    <ClInclude Include="public_test\ProcessTest.h">
      <Filter>Header Files</Filter>
    </ClInclude>
    <ClInclude Include="public_test\RandomNumberGenerator.h">
      <Filter>Header Files</Filter>
    </ClInclude>
    <ClInclude Include="public_test\SystemTest.h">
      <Filter>Header Files</Filter>
    </ClInclude>
    <ClInclude Include="h\part.h">
      <Filter>Header Files</Filter>
    </ClInclude>
  </ItemGroup>
  <ItemGroup>
    <ClCompile Include="src\Element.cpp">
      <Filter>Source Files</Filter>
    </ClCompile>
    <ClCompile Include="src\FirstLevelEntry.cpp">
      <Filter>Source Files</Filter>
    </ClCompile>
    <ClCompile Include="src\FirstLevelTable.cpp">
      <Filter>Source Files</Filter>
    </ClCompile>
    <ClCompile Include="src\FreeList.cpp">
      <Filter>Source Files</Filter>
    </ClCompile>
    <ClCompile Include="src\FreeListIterator.cpp">
      <Filter>Source Files</Filter>
    </ClCompile>
    <ClCompile Include="src\KernelProcess.cpp">
      <Filter>Source Files</Filter>
    </ClCompile>
    <ClCompile Include="src\KernelSystem.cpp">
      <Filter>Source Files</Filter>
    </ClCompile>
    <ClCompile Include="src\PMTEntry.cpp">
      <Filter>Source Files</Filter>
    </ClCompile>
    <ClCompile Include="src\Process.cpp">
      <Filter>Source Files</Filter>
    </ClCompile>
    <ClCompile Include="src\SecondChance.cpp">
      <Filter>Source Files</Filter>
    </ClCompile>
    <ClCompile Include="src\SecondLevelTable.cpp">
      <Filter>Source Files</Filter>
    </ClCompile>
    <ClCompile Include="public_test\main.cpp">
      <Filter>Source Files</Filter>
    </ClCompile>
    <ClCompile Include="public_test\ProcessTest.cpp">
      <Filter>Source Files</Filter>
    </ClCompile>
    <ClCompile Include="public_test\RandomNumberGenerator.cpp">
      <Filter>Source Files</Filter>
    </ClCompile>
    <ClCompile Include="public_test\SystemTest.cpp">
      <Filter>Source Files</Filter>
    </ClCompile>
    <ClCompile Include="src\System.cpp">
      <Filter>Source Files</Filter>
    </ClCompile>
  </ItemGroup>
</Project>